
Microsoft Visual Studio Solution File, Format Version 12.00
# Visual Studio Version 16
VisualStudioVersion = 16.0.30621.155
MinimumVisualStudioVersion = 10.0.40219.1
Project("{9A19103F-16F7-4668-BE54-9A1E7A4F7556}") = "Authorization", "Authorization.csproj", "{C0BF1C4A-8DD4-41DF-9815-75D7347663F6}"
EndProject
Project("{FAE04EC0-301F-11D3-BF4B-00C04F79EFBC}") = "AuthorizationTest", "..\AuthorizationTest\AuthorizationTest.csproj", "{963CF2E3-C86E-454F-A0E8-1C6C5071A852}"
EndProject
Global
	GlobalSection(SolutionConfigurationPlatforms) = preSolution
		Debug|Any CPU = Debug|Any CPU
		Release|Any CPU = Release|Any CPU
	EndGlobalSection
	GlobalSection(ProjectConfigurationPlatforms) = postSolution
		{C0BF1C4A-8DD4-41DF-9815-75D7347663F6}.Debug|Any CPU.ActiveCfg = Debug|Any CPU
		{C0BF1C4A-8DD4-41DF-9815-75D7347663F6}.Debug|Any CPU.Build.0 = Debug|Any CPU
		{C0BF1C4A-8DD4-41DF-9815-75D7347663F6}.Release|Any CPU.ActiveCfg = Release|Any CPU
		{C0BF1C4A-8DD4-41DF-9815-75D7347663F6}.Release|Any CPU.Build.0 = Release|Any CPU
		{963CF2E3-C86E-454F-A0E8-1C6C5071A852}.Debug|Any CPU.ActiveCfg = Debug|Any CPU
		{963CF2E3-C86E-454F-A0E8-1C6C5071A852}.Debug|Any CPU.Build.0 = Debug|Any CPU
		{963CF2E3-C86E-454F-A0E8-1C6C5071A852}.Release|Any CPU.ActiveCfg = Release|Any CPU
		{963CF2E3-C86E-454F-A0E8-1C6C5071A852}.Release|Any CPU.Build.0 = Release|Any CPU
	EndGlobalSection
	GlobalSection(SolutionProperties) = preSolution
		HideSolutionNode = FALSE
	EndGlobalSection
	GlobalSection(ExtensibilityGlobals) = postSolution
		SolutionGuid = {2C0A1CA1-5A77-4AAE-8165-C3C72BF34989}
	EndGlobalSection
EndGlobal
